
Microsoft Visual Studio Solution File, Format Version 12.00
# Visual Studio 15
VisualStudioVersion = 15.0.28307.779
MinimumVisualStudioVersion = 10.0.40219.1
Project("{FAE04EC0-301F-11D3-BF4B-00C04F79EFBC}") = "oil_data", "oil_data\oil_data.csproj", "{9051BE0F-51AD-476B-8B91-26C62CEC850F}"
EndProject
Global
	GlobalSection(SolutionConfigurationPlatforms) = preSolution
		Debug|Any CPU = Debug|Any CPU
		Release|Any CPU = Release|Any CPU
	EndGlobalSection
	GlobalSection(ProjectConfigurationPlatforms) = postSolution
		{9051BE0F-51AD-476B-8B91-26C62CEC850F}.Debug|Any CPU.ActiveCfg = Debug|Any CPU
		{9051BE0F-51AD-476B-8B91-26C62CEC850F}.Debug|Any CPU.Build.0 = Debug|Any CPU
		{9051BE0F-51AD-476B-8B91-26C62CEC850F}.Release|Any CPU.ActiveCfg = Release|Any CPU
		{9051BE0F-51AD-476B-8B91-26C62CEC850F}.Release|Any CPU.Build.0 = Release|Any CPU
	EndGlobalSection
	GlobalSection(SolutionProperties) = preSolution
		HideSolutionNode = FALSE
	EndGlobalSection
	GlobalSection(ExtensibilityGlobals) = postSolution
		SolutionGuid = {806E5B64-3C15-4C21-9720-C30C55C14E95}
	EndGlobalSection
EndGlobal
